
Microsoft Visual Studio Solution File, Format Version 10.00
# Visual Studio 2008
Project("{8BC9CEB8-8B4A-11D0-8D11-00A0C91BC942}") = "engine", "engine.vcproj", "{AEFC26AF-BD8D-45D2-AB13-E9D379B397AD}"
EndProject
Global
	GlobalSection(SolutionConfigurationPlatforms) = preSolution
		Debug|Win32 = Debug|Win32
		Release|Win32 = Release|Win32
	EndGlobalSection
	GlobalSection(ProjectConfigurationPlatforms) = postSolution
		{AEFC26AF-BD8D-45D2-AB13-E9D379B397AD}.Debug|Win32.ActiveCfg = Debug|Win32
		{AEFC26AF-BD8D-45D2-AB13-E9D379B397AD}.Debug|Win32.Build.0 = Debug|Win32
		{AEFC26AF-BD8D-45D2-AB13-E9D379B397AD}.Release|Win32.ActiveCfg = Release|Win32
		{AEFC26AF-BD8D-45D2-AB13-E9D379B397AD}.Release|Win32.Build.0 = Release|Win32
	EndGlobalSection
	GlobalSection(SolutionProperties) = preSolution
		HideSolutionNode = FALSE
	EndGlobalSection
EndGlobal
